
Microsoft Visual Studio Solution File, Format Version 12.00
# Visual Studio Version 16
VisualStudioVersion = 16.0.31321.278
MinimumVisualStudioVersion = 10.0.40219.1
Project("{FAE04EC0-301F-11D3-BF4B-00C04F79EFBC}") = "WorkingEmailService", "WorkingEmailService\WorkingEmailService.csproj", "{4D09335B-A616-4477-B453-DB016E53DBF6}"
EndProject
Global
	GlobalSection(SolutionConfigurationPlatforms) = preSolution
		Debug|Any CPU = Debug|Any CPU
		Release|Any CPU = Release|Any CPU
	EndGlobalSection
	GlobalSection(ProjectConfigurationPlatforms) = postSolution
		{4D09335B-A616-4477-B453-DB016E53DBF6}.Debug|Any CPU.ActiveCfg = Debug|Any CPU
		{4D09335B-A616-4477-B453-DB016E53DBF6}.Debug|Any CPU.Build.0 = Debug|Any CPU
		{4D09335B-A616-4477-B453-DB016E53DBF6}.Release|Any CPU.ActiveCfg = Release|Any CPU
		{4D09335B-A616-4477-B453-DB016E53DBF6}.Release|Any CPU.Build.0 = Release|Any CPU
	EndGlobalSection
	GlobalSection(SolutionProperties) = preSolution
		HideSolutionNode = FALSE
	EndGlobalSection
	GlobalSection(ExtensibilityGlobals) = postSolution
		SolutionGuid = {84423F1C-5C9B-485F-A29B-31554C67233E}
	EndGlobalSection
EndGlobal
